
Microsoft Visual Studio Solution File, Format Version 12.00
# Visual Studio Version 17
VisualStudioVersion = 17.11.35222.181
MinimumVisualStudioVersion = 10.0.40219.1
Project("{FAE04EC0-301F-11D3-BF4B-00C04F79EFBC}") = "FirewallCMD", "FirewallCMD\FirewallCMD.csproj", "{D49A16B5-DCD2-4FE1-8EEC-B31879286B80}"
EndProject
Project("{54435603-DBB4-11D2-8724-00A0C9A8B90C}") = "FirewallCMD Install", "FirewallCMD Install\FirewallCMD Install.vdproj", "{48D39DE6-AD05-4394-A28C-4A2648438B7C}"
EndProject
Global
	GlobalSection(SolutionConfigurationPlatforms) = preSolution
		Debug|Any CPU = Debug|Any CPU
		Release|Any CPU = Release|Any CPU
	EndGlobalSection
	GlobalSection(ProjectConfigurationPlatforms) = postSolution
		{D49A16B5-DCD2-4FE1-8EEC-B31879286B80}.Debug|Any CPU.ActiveCfg = Debug|Any CPU
		{D49A16B5-DCD2-4FE1-8EEC-B31879286B80}.Debug|Any CPU.Build.0 = Debug|Any CPU
		{D49A16B5-DCD2-4FE1-8EEC-B31879286B80}.Release|Any CPU.ActiveCfg = Release|Any CPU
		{D49A16B5-DCD2-4FE1-8EEC-B31879286B80}.Release|Any CPU.Build.0 = Release|Any CPU
		{48D39DE6-AD05-4394-A28C-4A2648438B7C}.Debug|Any CPU.ActiveCfg = Debug
		{48D39DE6-AD05-4394-A28C-4A2648438B7C}.Release|Any CPU.ActiveCfg = Release
	EndGlobalSection
	GlobalSection(SolutionProperties) = preSolution
		HideSolutionNode = FALSE
	EndGlobalSection
	GlobalSection(ExtensibilityGlobals) = postSolution
		SolutionGuid = {9FAA23C4-B0D9-4D8C-8AE0-FF27BE7A6942}
	EndGlobalSection
EndGlobal
